
Microsoft Visual Studio Solution File, Format Version 12.00
# Visual Studio Version 16
VisualStudioVersion = 16.0.31019.35
MinimumVisualStudioVersion = 10.0.40219.1
Project("{9A19103F-16F7-4668-BE54-9A1E7A4F7556}") = "REghZyFramework.CmdLine", "REghZyFramework.CmdLine\REghZyFramework.CmdLine.csproj", "{D8954F1A-60CA-49C9-B4A6-3846D02A7DD7}"
EndProject
Project("{9A19103F-16F7-4668-BE54-9A1E7A4F7556}") = "REghZyFramework.Configs", "REghZyFramework.Configs\REghZyFramework.Configs.csproj", "{E15FEF01-3835-4422-92F2-D70471BD716B}"
EndProject
Project("{9A19103F-16F7-4668-BE54-9A1E7A4F7556}") = "REghZyFramework.Utilities", "REghZyFramework.Utilities\REghZyFramework.Utilities.csproj", "{1DCCA59A-FDD2-4502-AAB2-EFDB6660FF4F}"
EndProject
Project("{9A19103F-16F7-4668-BE54-9A1E7A4F7556}") = "REghZyFramework.ADemo", "REghZyFramework.ADemo\REghZyFramework.ADemo.csproj", "{5CED053E-7302-408E-AA41-4D6C684278FC}"
EndProject
Project("{FAE04EC0-301F-11D3-BF4B-00C04F79EFBC}") = "REghZyFramework.Logging", "REghZyFramework.Logging\REghZyFramework.Logging.csproj", "{9A8268D6-EE3F-4206-8DF2-78BFEB9F3C7B}"
EndProject
Project("{FAE04EC0-301F-11D3-BF4B-00C04F79EFBC}") = "REghZyFramework.Arrays", "REghZyFramework.Arrays\REghZyFramework.Arrays.csproj", "{71655B47-1257-43B4-9955-FAFD9BC9D3A2}"
EndProject
Project("{FAE04EC0-301F-11D3-BF4B-00C04F79EFBC}") = "REghZyFramework.WPFUtils", "REghZyFramework.WPFUtils\REghZyFramework.WPFUtils.csproj", "{DF864779-0946-4785-800E-8B8C4B5C80BD}"
EndProject
Global
	GlobalSection(SolutionConfigurationPlatforms) = preSolution
		Debug|Any CPU = Debug|Any CPU
		Release|Any CPU = Release|Any CPU
	EndGlobalSection
	GlobalSection(ProjectConfigurationPlatforms) = postSolution
		{D8954F1A-60CA-49C9-B4A6-3846D02A7DD7}.Debug|Any CPU.ActiveCfg = Debug|Any CPU
		{D8954F1A-60CA-49C9-B4A6-3846D02A7DD7}.Debug|Any CPU.Build.0 = Debug|Any CPU
		{D8954F1A-60CA-49C9-B4A6-3846D02A7DD7}.Release|Any CPU.ActiveCfg = Release|Any CPU
		{D8954F1A-60CA-49C9-B4A6-3846D02A7DD7}.Release|Any CPU.Build.0 = Release|Any CPU
		{E15FEF01-3835-4422-92F2-D70471BD716B}.Debug|Any CPU.ActiveCfg = Debug|Any CPU
		{E15FEF01-3835-4422-92F2-D70471BD716B}.Debug|Any CPU.Build.0 = Debug|Any CPU
		{E15FEF01-3835-4422-92F2-D70471BD716B}.Release|Any CPU.ActiveCfg = Release|Any CPU
		{E15FEF01-3835-4422-92F2-D70471BD716B}.Release|Any CPU.Build.0 = Release|Any CPU
		{1DCCA59A-FDD2-4502-AAB2-EFDB6660FF4F}.Debug|Any CPU.ActiveCfg = Debug|Any CPU
		{1DCCA59A-FDD2-4502-AAB2-EFDB6660FF4F}.Debug|Any CPU.Build.0 = Debug|Any CPU
		{1DCCA59A-FDD2-4502-AAB2-EFDB6660FF4F}.Release|Any CPU.ActiveCfg = Release|Any CPU
		{1DCCA59A-FDD2-4502-AAB2-EFDB6660FF4F}.Release|Any CPU.Build.0 = Release|Any CPU
		{5CED053E-7302-408E-AA41-4D6C684278FC}.Debug|Any CPU.ActiveCfg = Debug|Any CPU
		{5CED053E-7302-408E-AA41-4D6C684278FC}.Debug|Any CPU.Build.0 = Debug|Any CPU
		{5CED053E-7302-408E-AA41-4D6C684278FC}.Release|Any CPU.ActiveCfg = Release|Any CPU
		{5CED053E-7302-408E-AA41-4D6C684278FC}.Release|Any CPU.Build.0 = Release|Any CPU
		{9A8268D6-EE3F-4206-8DF2-78BFEB9F3C7B}.Debug|Any CPU.ActiveCfg = Debug|Any CPU
		{9A8268D6-EE3F-4206-8DF2-78BFEB9F3C7B}.Debug|Any CPU.Build.0 = Debug|Any CPU
		{9A8268D6-EE3F-4206-8DF2-78BFEB9F3C7B}.Release|Any CPU.ActiveCfg = Release|Any CPU
		{9A8268D6-EE3F-4206-8DF2-78BFEB9F3C7B}.Release|Any CPU.Build.0 = Release|Any CPU
		{71655B47-1257-43B4-9955-FAFD9BC9D3A2}.Debug|Any CPU.ActiveCfg = Debug|Any CPU
		{71655B47-1257-43B4-9955-FAFD9BC9D3A2}.Debug|Any CPU.Build.0 = Debug|Any CPU
		{71655B47-1257-43B4-9955-FAFD9BC9D3A2}.Release|Any CPU.ActiveCfg = Release|Any CPU
		{71655B47-1257-43B4-9955-FAFD9BC9D3A2}.Release|Any CPU.Build.0 = Release|Any CPU
		{DF864779-0946-4785-800E-8B8C4B5C80BD}.Debug|Any CPU.ActiveCfg = Debug|Any CPU
		{DF864779-0946-4785-800E-8B8C4B5C80BD}.Debug|Any CPU.Build.0 = Debug|Any CPU
		{DF864779-0946-4785-800E-8B8C4B5C80BD}.Release|Any CPU.ActiveCfg = Release|Any CPU
		{DF864779-0946-4785-800E-8B8C4B5C80BD}.Release|Any CPU.Build.0 = Release|Any CPU
	EndGlobalSection
	GlobalSection(SolutionProperties) = preSolution
		HideSolutionNode = FALSE
	EndGlobalSection
	GlobalSection(ExtensibilityGlobals) = postSolution
		SolutionGuid = {7E9AD906-7C83-410D-B324-86C5761C8750}
	EndGlobalSection
EndGlobal
